
Microsoft Visual Studio Solution File, Format Version 12.00
# Visual Studio Version 16
VisualStudioVersion = 16.0.31702.278
MinimumVisualStudioVersion = 10.0.40219.1
Project("{FAE04EC0-301F-11D3-BF4B-00C04F79EFBC}") = "StudentManagement", "StudentManagement\StudentManagement.csproj", "{0DF42CBB-2B7E-4E44-8933-7BB6E098756B}"
EndProject
Global
	GlobalSection(SolutionConfigurationPlatforms) = preSolution
		Debug|Any CPU = Debug|Any CPU
		Release|Any CPU = Release|Any CPU
	EndGlobalSection
	GlobalSection(ProjectConfigurationPlatforms) = postSolution
		{0DF42CBB-2B7E-4E44-8933-7BB6E098756B}.Debug|Any CPU.ActiveCfg = Debug|Any CPU
		{0DF42CBB-2B7E-4E44-8933-7BB6E098756B}.Debug|Any CPU.Build.0 = Debug|Any CPU
		{0DF42CBB-2B7E-4E44-8933-7BB6E098756B}.Release|Any CPU.ActiveCfg = Release|Any CPU
		{0DF42CBB-2B7E-4E44-8933-7BB6E098756B}.Release|Any CPU.Build.0 = Release|Any CPU
	EndGlobalSection
	GlobalSection(SolutionProperties) = preSolution
		HideSolutionNode = FALSE
	EndGlobalSection
	GlobalSection(ExtensibilityGlobals) = postSolution
		SolutionGuid = {4F4A8C88-D6D9-4E15-A93F-C524864A491A}
	EndGlobalSection
EndGlobal
