
Microsoft Visual Studio Solution File, Format Version 12.00
# Visual Studio Version 16
VisualStudioVersion = 16.0.31702.278
MinimumVisualStudioVersion = 10.0.40219.1
Project("{FAE04EC0-301F-11D3-BF4B-00C04F79EFBC}") = "Ex4_Topic6", "Ex4_Topic6\Ex4_Topic6.csproj", "{526E774E-F5F4-463D-BE4B-6739EF95228E}"
EndProject
Global
	GlobalSection(SolutionConfigurationPlatforms) = preSolution
		Debug|Any CPU = Debug|Any CPU
		Release|Any CPU = Release|Any CPU
	EndGlobalSection
	GlobalSection(ProjectConfigurationPlatforms) = postSolution
		{526E774E-F5F4-463D-BE4B-6739EF95228E}.Debug|Any CPU.ActiveCfg = Debug|Any CPU
		{526E774E-F5F4-463D-BE4B-6739EF95228E}.Debug|Any CPU.Build.0 = Debug|Any CPU
		{526E774E-F5F4-463D-BE4B-6739EF95228E}.Release|Any CPU.ActiveCfg = Release|Any CPU
		{526E774E-F5F4-463D-BE4B-6739EF95228E}.Release|Any CPU.Build.0 = Release|Any CPU
	EndGlobalSection
	GlobalSection(SolutionProperties) = preSolution
		HideSolutionNode = FALSE
	EndGlobalSection
	GlobalSection(ExtensibilityGlobals) = postSolution
		SolutionGuid = {3AC23887-0BCD-4A1E-89BB-BB119423FF98}
	EndGlobalSection
EndGlobal
